<?xml version="1.0" encoding="utf-8"?>
<Project ToolsVersion="4.0" xmlns="http://schemas.microsoft.com/developer/msbuild/2003">
  <ItemGroup>
    <Filter Include="Platform">
      <UniqueIdentifier>{2AC788B4-1694-E3BF-3FAD-D1672BD9184E}</UniqueIdentifier>
    </Filter>
    <Filter Include="Platform\Windows">
      <UniqueIdentifier>{64FBD71A-50F4-F66C-7926-DCF1657ED678}</UniqueIdentifier>
    </Filter>
    <Filter Include="Tourqe">
      <UniqueIdentifier>{C515EBD3-B1B7-15AA-9A72-29FE86B39CFA}</UniqueIdentifier>
    </Filter>
    <Filter Include="Tourqe\Application">
      <UniqueIdentifier>{082112AD-F404-D302-5D65-CD554968BD84}</UniqueIdentifier>
    </Filter>
    <Filter Include="Tourqe\Events">
      <UniqueIdentifier>{09F21FDE-75B2-9B14-3EED-E491AA6CE0F0}</UniqueIdentifier>
    </Filter>
  </ItemGroup>
  <ItemGroup>
    <ClInclude Include="src\Platform\Windows\WindowsWindow.h">
      <Filter>Platform\Windows</Filter>
    </ClInclude>
    <ClInclude Include="src\Tourqe\Application\Application.h">
      <Filter>Tourqe\Application</Filter>
    </ClInclude>
    <ClInclude Include="src\Tourqe\Application\EntiryPoint.h">
      <Filter>Tourqe\Application</Filter>
    </ClInclude>
    <ClInclude Include="src\Tourqe\Application\Logger.h">
      <Filter>Tourqe\Application</Filter>
    </ClInclude>
    <ClInclude Include="src\Tourqe\Events\ApplicationEvent.h">
      <Filter>Tourqe\Events</Filter>
    </ClInclude>
    <ClInclude Include="src\Tourqe\Events\Event.h">
      <Filter>Tourqe\Events</Filter>
    </ClInclude>
    <ClInclude Include="src\Tourqe\Events\KeyEvent.h">
      <Filter>Tourqe\Events</Filter>
    </ClInclude>
    <ClInclude Include="src\Tourqe\Events\MouseEvent.h">
      <Filter>Tourqe\Events</Filter>
    </ClInclude>
    <ClInclude Include="src\Tourqe\TCore.h">
      <Filter>Tourqe</Filter>
    </ClInclude>
    <ClInclude Include="src\Tourqe\Window.h">
      <Filter>Tourqe</Filter>
    </ClInclude>
    <ClInclude Include="src\TourqeEngine.h" />
    <ClInclude Include="src\tupch.h" />
  </ItemGroup>
  <ItemGroup>
    <ClCompile Include="src\Platform\Windows\WindowsWindow.cpp">
      <Filter>Platform\Windows</Filter>
    </ClCompile>
    <ClCompile Include="src\Tourqe\Application\Application.cpp">
      <Filter>Tourqe\Application</Filter>
    </ClCompile>
    <ClCompile Include="src\Tourqe\Application\Logger.cpp">
      <Filter>Tourqe\Application</Filter>
    </ClCompile>
    <ClCompile Include="src\tupch.cpp" />
  </ItemGroup>
</Project>