<?xml version="1.0" encoding="utf-8"?>
<Project ToolsVersion="4.0" xmlns="http://schemas.microsoft.com/developer/msbuild/2003">
  <ItemGroup>
    <Filter Include="Tourqe">
      <UniqueIdentifier>{C515EBD3-B1B7-15AA-9A72-29FE86B39CFA}</UniqueIdentifier>
    </Filter>
    <Filter Include="Tourqe\Application">
      <UniqueIdentifier>{082112AD-F404-D302-5D65-CD554968BD84}</UniqueIdentifier>
    </Filter>
  </ItemGroup>
  <ItemGroup>
    <ClInclude Include="src\Tourqe\Application\Application.h">
      <Filter>Tourqe\Application</Filter>
    </ClInclude>
    <ClInclude Include="src\Tourqe\Application\EntiryPoint.h">
      <Filter>Tourqe\Application</Filter>
    </ClInclude>
    <ClInclude Include="src\Tourqe\Application\Logger.h">
      <Filter>Tourqe\Application</Filter>
    </ClInclude>
    <ClInclude Include="src\Tourqe\TCore.h">
      <Filter>Tourqe</Filter>
    </ClInclude>
    <ClInclude Include="src\TourqeEngine.h" />
    <ClInclude Include="src\Tourqe\Events\ApplicationEvent.h" />
    <ClInclude Include="src\Tourqe\Events\Event.h" />
    <ClInclude Include="src\Tourqe\Events\KeyEvent.h" />
    <ClInclude Include="src\Tourqe\Events\MouseEvent.h" />
    <ClInclude Include="src\Tourqe\tupch.h" />
  </ItemGroup>
  <ItemGroup>
    <ClCompile Include="src\Tourqe\Application\Application.cpp">
      <Filter>Tourqe\Application</Filter>
    </ClCompile>
    <ClCompile Include="src\Tourqe\Application\Logger.cpp">
      <Filter>Tourqe\Application</Filter>
    </ClCompile>
    <ClCompile Include="src\Tourqe\tupch.cpp" />
  </ItemGroup>
</Project>